
Microsoft Visual Studio Solution File, Format Version 12.00
# Visual Studio Version 17
VisualStudioVersion = 17.5.2.0
MinimumVisualStudioVersion = 10.0.40219.1
Project("{FAE04EC0-301F-11D3-BF4B-00C04F79EFBC}") = "TWGKafkaConsumerService", "TWGKafkaConsumerService\TWGKafkaConsumerService.csproj", "{4FA0A330-9A86-31EB-85EC-786A012C6143}"
EndProject
Project("{FAE04EC0-301F-11D3-BF4B-00C04F79EFBC}") = "LFApiClient", "LFApiClient\LFApiClient.csproj", "{0CCBDCBD-E1AD-4381-A3BB-6DB29C81456E}"
EndProject
Global
	GlobalSection(SolutionConfigurationPlatforms) = preSolution
		Debug|Any CPU = Debug|Any CPU
		Debug|x64 = Debug|x64
		Debug|x86 = Debug|x86
		Release|Any CPU = Release|Any CPU
		Release|x64 = Release|x64
		Release|x86 = Release|x86
	EndGlobalSection
	GlobalSection(ProjectConfigurationPlatforms) = postSolution
		{4FA0A330-9A86-31EB-85EC-786A012C6143}.Debug|Any CPU.ActiveCfg = Debug|Any CPU
		{4FA0A330-9A86-31EB-85EC-786A012C6143}.Debug|Any CPU.Build.0 = Debug|Any CPU
		{4FA0A330-9A86-31EB-85EC-786A012C6143}.Debug|x64.ActiveCfg = Debug|Any CPU
		{4FA0A330-9A86-31EB-85EC-786A012C6143}.Debug|x64.Build.0 = Debug|Any CPU
		{4FA0A330-9A86-31EB-85EC-786A012C6143}.Debug|x86.ActiveCfg = Debug|Any CPU
		{4FA0A330-9A86-31EB-85EC-786A012C6143}.Debug|x86.Build.0 = Debug|Any CPU
		{4FA0A330-9A86-31EB-85EC-786A012C6143}.Release|Any CPU.ActiveCfg = Release|Any CPU
		{4FA0A330-9A86-31EB-85EC-786A012C6143}.Release|Any CPU.Build.0 = Release|Any CPU
		{4FA0A330-9A86-31EB-85EC-786A012C6143}.Release|x64.ActiveCfg = Release|Any CPU
		{4FA0A330-9A86-31EB-85EC-786A012C6143}.Release|x64.Build.0 = Release|Any CPU
		{4FA0A330-9A86-31EB-85EC-786A012C6143}.Release|x86.ActiveCfg = Release|Any CPU
		{4FA0A330-9A86-31EB-85EC-786A012C6143}.Release|x86.Build.0 = Release|Any CPU
		{0CCBDCBD-E1AD-4381-A3BB-6DB29C81456E}.Debug|Any CPU.ActiveCfg = Debug|Any CPU
		{0CCBDCBD-E1AD-4381-A3BB-6DB29C81456E}.Debug|Any CPU.Build.0 = Debug|Any CPU
		{0CCBDCBD-E1AD-4381-A3BB-6DB29C81456E}.Debug|x64.ActiveCfg = Debug|Any CPU
		{0CCBDCBD-E1AD-4381-A3BB-6DB29C81456E}.Debug|x64.Build.0 = Debug|Any CPU
		{0CCBDCBD-E1AD-4381-A3BB-6DB29C81456E}.Debug|x86.ActiveCfg = Debug|Any CPU
		{0CCBDCBD-E1AD-4381-A3BB-6DB29C81456E}.Debug|x86.Build.0 = Debug|Any CPU
		{0CCBDCBD-E1AD-4381-A3BB-6DB29C81456E}.Release|Any CPU.ActiveCfg = Release|Any CPU
		{0CCBDCBD-E1AD-4381-A3BB-6DB29C81456E}.Release|Any CPU.Build.0 = Release|Any CPU
		{0CCBDCBD-E1AD-4381-A3BB-6DB29C81456E}.Release|x64.ActiveCfg = Release|Any CPU
		{0CCBDCBD-E1AD-4381-A3BB-6DB29C81456E}.Release|x64.Build.0 = Release|Any CPU
		{0CCBDCBD-E1AD-4381-A3BB-6DB29C81456E}.Release|x86.ActiveCfg = Release|Any CPU
		{0CCBDCBD-E1AD-4381-A3BB-6DB29C81456E}.Release|x86.Build.0 = Release|Any CPU
	EndGlobalSection
	GlobalSection(SolutionProperties) = preSolution
		HideSolutionNode = FALSE
	EndGlobalSection
	GlobalSection(ExtensibilityGlobals) = postSolution
		SolutionGuid = {53351B6B-F562-45FA-A71E-CA7E2E3DB488}
	EndGlobalSection
EndGlobal
